github.com/firepear/petrel v0.36.0 h1:/motPZYnm3H7j9kcZjNhw/jm4+QgpksyohEr4z6Paiw=
github.com/firepear/petrel v0.36.0/go.mod h1:NLGO6GnIseilfbfX3Cx1XLJ47syphKgftuPwlj10M5g=
github.com/mattn/go-sqlite3 v1.14.16 h1:yOQRA0RpS5PFz/oikGwBEqvAWhWg5ufRz4ETLjwpU1Y=
github.com/mattn/go-sqlite3 v1.14.16/go.mod h1:2eHXhiwb8IkHr+BDWZGa96P6+rkvnG63S2DGjv9HUNg=
